
Microsoft Visual Studio Solution File, Format Version 9.00
# Visual Studio 2005
Project("{8BC9CEB8-8B4A-11D0-8D11-00A0C91BC942}") = "ATL_ActiveX", "ATL_ActiveX\ATL_ActiveX.vcproj", "{87AD8E19-5B96-47BA-BD6F-7010C09D7B53}"
EndProject
Project("{8BC9CEB8-8B4A-11D0-8D11-00A0C91BC942}") = "ATL_ActiveXPS", "ATL_ActiveX\ATL_ActiveXPS.vcproj", "{26AB55B8-470B-45E0-94D3-10E849B08950}"
	ProjectSection(ProjectDependencies) = postProject
		{87AD8E19-5B96-47BA-BD6F-7010C09D7B53} = {87AD8E19-5B96-47BA-BD6F-7010C09D7B53}
	EndProjectSection
EndProject
Global
	GlobalSection(SolutionConfigurationPlatforms) = preSolution
		Debug|Win32 = Debug|Win32
		Release|Win32 = Release|Win32
	EndGlobalSection
	GlobalSection(ProjectConfigurationPlatforms) = postSolution
		{87AD8E19-5B96-47BA-BD6F-7010C09D7B53}.Debug|Win32.ActiveCfg = Debug|Win32
		{87AD8E19-5B96-47BA-BD6F-7010C09D7B53}.Debug|Win32.Build.0 = Debug|Win32
		{87AD8E19-5B96-47BA-BD6F-7010C09D7B53}.Release|Win32.ActiveCfg = Release|Win32
		{87AD8E19-5B96-47BA-BD6F-7010C09D7B53}.Release|Win32.Build.0 = Release|Win32
		{26AB55B8-470B-45E0-94D3-10E849B08950}.Debug|Win32.ActiveCfg = Debug|Win32
		{26AB55B8-470B-45E0-94D3-10E849B08950}.Release|Win32.ActiveCfg = Release|Win32
	EndGlobalSection
	GlobalSection(SolutionProperties) = preSolution
		HideSolutionNode = FALSE
	EndGlobalSection
EndGlobal
