Microsoft Visual Studio Solution File, Format Version 8.00
Project("{8BC9CEB8-8B4A-11D0-8D11-00A0C91BC942}") = "KeyHook", "KeyHook.vcproj", "{88F67E9B-ABFD-4C03-B871-93E3795ED0EB}"
	ProjectSection(ProjectDependencies) = postProject
	EndProjectSection
EndProject
Global
	GlobalSection(SolutionConfiguration) = preSolution
		Debug = Debug
		Release = Release
	EndGlobalSection
	GlobalSection(ProjectConfiguration) = postSolution
		{88F67E9B-ABFD-4C03-B871-93E3795ED0EB}.Debug.ActiveCfg = Debug|Win32
		{88F67E9B-ABFD-4C03-B871-93E3795ED0EB}.Debug.Build.0 = Debug|Win32
		{88F67E9B-ABFD-4C03-B871-93E3795ED0EB}.Release.ActiveCfg = Release|Win32
		{88F67E9B-ABFD-4C03-B871-93E3795ED0EB}.Release.Build.0 = Release|Win32
	EndGlobalSection
	GlobalSection(ExtensibilityGlobals) = postSolution
	EndGlobalSection
	GlobalSection(ExtensibilityAddIns) = postSolution
	EndGlobalSection
EndGlobal
