
Microsoft Visual Studio Solution File, Format Version 10.00
# Visual Studio 2008
Project("{FAE04EC0-301F-11D3-BF4B-00C04F79EFBC}") = "FileTimeStump", "FileTimeStump\FileTimeStump.csproj", "{5386C288-B4E2-4EF4-BF8E-6AA95E018224}"
EndProject
Global
	GlobalSection(SolutionConfigurationPlatforms) = preSolution
		Debug|Any CPU = Debug|Any CPU
		Release|Any CPU = Release|Any CPU
	EndGlobalSection
	GlobalSection(ProjectConfigurationPlatforms) = postSolution
		{5386C288-B4E2-4EF4-BF8E-6AA95E018224}.Debug|Any CPU.ActiveCfg = Debug|Any CPU
		{5386C288-B4E2-4EF4-BF8E-6AA95E018224}.Debug|Any CPU.Build.0 = Debug|Any CPU
		{5386C288-B4E2-4EF4-BF8E-6AA95E018224}.Release|Any CPU.ActiveCfg = Release|Any CPU
		{5386C288-B4E2-4EF4-BF8E-6AA95E018224}.Release|Any CPU.Build.0 = Release|Any CPU
	EndGlobalSection
	GlobalSection(SolutionProperties) = preSolution
		HideSolutionNode = FALSE
	EndGlobalSection
EndGlobal
