Microsoft Visual Studio Solution File, Format Version 8.00
Project("{8BC9CEB8-8B4A-11D0-8D11-00A0C91BC942}") = "TestService2003", "TestService2003.vcproj", "{3868F364-07C4-424A-BC0C-F2B487300590}"
	ProjectSection(ProjectDependencies) = postProject
	EndProjectSection
EndProject
Project("{8BC9CEB8-8B4A-11D0-8D11-00A0C91BC942}") = "TestService2003PS", "TestService2003PS.vcproj", "{9990C569-A844-432B-8087-1AD914B851A1}"
	ProjectSection(ProjectDependencies) = postProject
		{3868F364-07C4-424A-BC0C-F2B487300590} = {3868F364-07C4-424A-BC0C-F2B487300590}
	EndProjectSection
EndProject
Global
	GlobalSection(SolutionConfiguration) = preSolution
		Debug = Debug
		Release = Release
	EndGlobalSection
	GlobalSection(ProjectConfiguration) = postSolution
		{3868F364-07C4-424A-BC0C-F2B487300590}.Debug.ActiveCfg = Debug|Win32
		{3868F364-07C4-424A-BC0C-F2B487300590}.Debug.Build.0 = Debug|Win32
		{3868F364-07C4-424A-BC0C-F2B487300590}.Release.ActiveCfg = Release|Win32
		{3868F364-07C4-424A-BC0C-F2B487300590}.Release.Build.0 = Release|Win32
		{9990C569-A844-432B-8087-1AD914B851A1}.Debug.ActiveCfg = Debug|Win32
		{9990C569-A844-432B-8087-1AD914B851A1}.Release.ActiveCfg = Release|Win32
	EndGlobalSection
	GlobalSection(ExtensibilityGlobals) = postSolution
	EndGlobalSection
	GlobalSection(ExtensibilityAddIns) = postSolution
	EndGlobalSection
EndGlobal
